
Microsoft Visual Studio Solution File, Format Version 12.00
# Visual Studio 15
VisualStudioVersion = 15.0.28010.2046
MinimumVisualStudioVersion = 10.0.40219.1
Project("{8BC9CEB8-8B4A-11D0-8D11-00A0C91BC942}") = "WinAPI", "WinAPI\WinAPI.vcxproj", "{37B94969-8C70-446B-874E-E51A178FE85E}"
EndProject
Project("{8BC9CEB8-8B4A-11D0-8D11-00A0C91BC942}") = "Objs", "Objs\Objs.vcxproj", "{14EDA47A-AE40-4D5E-B102-785C6BBED579}"
EndProject
Global
	GlobalSection(SolutionConfigurationPlatforms) = preSolution
		Debug|x64 = Debug|x64
		Debug|x86 = Debug|x86
		Release|x64 = Release|x64
		Release|x86 = Release|x86
	EndGlobalSection
	GlobalSection(ProjectConfigurationPlatforms) = postSolution
		{37B94969-8C70-446B-874E-E51A178FE85E}.Debug|x64.ActiveCfg = Debug|x64
		{37B94969-8C70-446B-874E-E51A178FE85E}.Debug|x64.Build.0 = Debug|x64
		{37B94969-8C70-446B-874E-E51A178FE85E}.Debug|x86.ActiveCfg = Debug|Win32
		{37B94969-8C70-446B-874E-E51A178FE85E}.Debug|x86.Build.0 = Debug|Win32
		{37B94969-8C70-446B-874E-E51A178FE85E}.Release|x64.ActiveCfg = Release|x64
		{37B94969-8C70-446B-874E-E51A178FE85E}.Release|x64.Build.0 = Release|x64
		{37B94969-8C70-446B-874E-E51A178FE85E}.Release|x86.ActiveCfg = Release|Win32
		{37B94969-8C70-446B-874E-E51A178FE85E}.Release|x86.Build.0 = Release|Win32
		{14EDA47A-AE40-4D5E-B102-785C6BBED579}.Debug|x64.ActiveCfg = Debug|x64
		{14EDA47A-AE40-4D5E-B102-785C6BBED579}.Debug|x64.Build.0 = Debug|x64
		{14EDA47A-AE40-4D5E-B102-785C6BBED579}.Debug|x86.ActiveCfg = Debug|Win32
		{14EDA47A-AE40-4D5E-B102-785C6BBED579}.Debug|x86.Build.0 = Debug|Win32
		{14EDA47A-AE40-4D5E-B102-785C6BBED579}.Release|x64.ActiveCfg = Release|x64
		{14EDA47A-AE40-4D5E-B102-785C6BBED579}.Release|x64.Build.0 = Release|x64
		{14EDA47A-AE40-4D5E-B102-785C6BBED579}.Release|x86.ActiveCfg = Release|Win32
		{14EDA47A-AE40-4D5E-B102-785C6BBED579}.Release|x86.Build.0 = Release|Win32
	EndGlobalSection
	GlobalSection(SolutionProperties) = preSolution
		HideSolutionNode = FALSE
	EndGlobalSection
	GlobalSection(ExtensibilityGlobals) = postSolution
		SolutionGuid = {53B0A70F-D525-429B-9D89-8D75D69E9358}
	EndGlobalSection
EndGlobal
